// !$*UTF8*$!
{
	archiveVersion = 1;
	classes = {
	};
	objectVersion = 46;
	objects = {

/* Begin PBXGroup section */
		B5CBC36417F3C4FA00A4850B = {
			isa = PBXGroup;
			children = (
			);
			sourceTree = "<group>";
		};
/* End PBXGroup section */

/* Begin PBXProject section */
		B5CBC36517F3C4FB00A4850B /* Project object */ = {
			isa = PBXProject;
			attributes = {
				LastUpgradeCheck = 0460;
			};
			buildConfigurationList = B5CBC36817F3C4FB00A4850B /* Build configuration list for PBXProject "ode" */;
			compatibilityVersion = "Xcode 3.2";
			developmentRegion = English;
			hasScannedForEncodings = 0;
			knownRegions = (
				en,
			);
			mainGroup = B5CBC36417F3C4FA00A4850B;
			projectDirPath = "";
			projectRoot = "";
			targets = (
			);
		};
/* End PBXProject section */

/* Begin XCBuildConfiguration section */
		B5CBC36917F3C4FB00A4850B /* Debug */ = {
			isa = XCBuildConfiguration;
			buildSettings = {
			};
			name = Debug;
		};
		B5CBC36A17F3C4FB00A4850B /* Release */ = {
			isa = XCBuildConfiguration;
			buildSettings = {
			};
			name = Release;
		};
/* End XCBuildConfiguration section */

/* Begin XCConfigurationList section */
		B5CBC36817F3C4FB00A4850B /* Build configuration list for PBXProject "ode" */ = {
			isa = XCConfigurationList;
			buildConfigurations = (
				B5CBC36917F3C4FB00A4850B /* Debug */,
				B5CBC36A17F3C4FB00A4850B /* Release */,
			);
			defaultConfigurationIsVisible = 0;
			defaultConfigurationName = Release;
		};
/* End XCConfigurationList section */
	};
	rootObject = B5CBC36517F3C4FB00A4850B /* Project object */;
}
